
Microsoft Visual Studio Solution File, Format Version 12.00
# Visual Studio Version 16
VisualStudioVersion = 16.0.32002.261
MinimumVisualStudioVersion = 10.0.40219.1
Project("{FAE04EC0-301F-11D3-BF4B-00C04F79EFBC}") = "EnnemPro", "EnnemPro\EnnemPro.csproj", "{867E83D6-0C38-454E-A6A5-65743452E184}"
EndProject
Global
	GlobalSection(SolutionConfigurationPlatforms) = preSolution
		Debug|Any CPU = Debug|Any CPU
		Release|Any CPU = Release|Any CPU
	EndGlobalSection
	GlobalSection(ProjectConfigurationPlatforms) = postSolution
		{867E83D6-0C38-454E-A6A5-65743452E184}.Debug|Any CPU.ActiveCfg = Debug|Any CPU
		{867E83D6-0C38-454E-A6A5-65743452E184}.Debug|Any CPU.Build.0 = Debug|Any CPU
		{867E83D6-0C38-454E-A6A5-65743452E184}.Release|Any CPU.ActiveCfg = Release|Any CPU
		{867E83D6-0C38-454E-A6A5-65743452E184}.Release|Any CPU.Build.0 = Release|Any CPU
	EndGlobalSection
	GlobalSection(SolutionProperties) = preSolution
		HideSolutionNode = FALSE
	EndGlobalSection
	GlobalSection(ExtensibilityGlobals) = postSolution
		SolutionGuid = {BF520C60-5C34-43F9-BEB7-28EE549E1BF5}
	EndGlobalSection
EndGlobal
